// !$*UTF8*$!
{
	archiveVersion = 1;
	classes = {
	};
	objectVersion = 50;
	objects = {

/* Begin PBXBuildFile section */
		8B672DE921E4F8AC00135280 /* MenuController.swift in Sources */ = {isa = PBXBuildFile; fileRef = 8B672DE821E4F8AC00135280 /* MenuController.swift */; };
		8B672DEB21E4FD2E00135280 /* BucketItem.swift in Sources */ = {isa = PBXBuildFile; fileRef = 8B672DEA21E4FD2E00135280 /* BucketItem.swift */; };
		8B672DEF21E4FD8D00135280 /* ArtCell.swift in Sources */ = {isa = PBXBuildFile; fileRef = 8B672DED21E4FD8D00135280 /* ArtCell.swift */; };
		8B672DF021E4FD8D00135280 /* DrawingView.swift in Sources */ = {isa = PBXBuildFile; fileRef = 8B672DEE21E4FD8D00135280 /* DrawingView.swift */; };
		8B8DE7B421DFC1CF00835A5E /* AppDelegate.swift in Sources */ = {isa = PBXBuildFile; fileRef = 8B8DE7B321DFC1CF00835A5E /* AppDelegate.swift */; };
		8B8DE7B921DFC1CF00835A5E /* Main.storyboard in Resources */ = {isa = PBXBuildFile; fileRef = 8B8DE7B721DFC1CF00835A5E /* Main.storyboard */; };
		8B8DE7BB21DFC1DB00835A5E /* Assets.xcassets in Resources */ = {isa = PBXBuildFile; fileRef = 8B8DE7BA21DFC1DB00835A5E /* Assets.xcassets */; };
		8B8DE7BE21DFC1DB00835A5E /* LaunchScreen.storyboard in Resources */ = {isa = PBXBuildFile; fileRef = 8B8DE7BC21DFC1DB00835A5E /* LaunchScreen.storyboard */; };
		8B8DE7CA21DFC27200835A5E /* AlgorithmViewController.swift in Sources */ = {isa = PBXBuildFile; fileRef = 8B8DE7C921DFC27200835A5E /* AlgorithmViewController.swift */; };
		8B8DE7CE21DFC2AB00835A5E /* DrawingViewController.swift in Sources */ = {isa = PBXBuildFile; fileRef = 8B8DE7CC21DFC2AB00835A5E /* DrawingViewController.swift */; };
		8B8DE7CF21DFC2AB00835A5E /* ArtCollectionViewController.swift in Sources */ = {isa = PBXBuildFile; fileRef = 8B8DE7CD21DFC2AB00835A5E /* ArtCollectionViewController.swift */; };
		8B8DE7D421DFC2EB00835A5E /* BucketItemCell.swift in Sources */ = {isa = PBXBuildFile; fileRef = 8B8DE7D221DFC2EB00835A5E /* BucketItemCell.swift */; };
		8B8DE7D521DFC2EB00835A5E /* DataViewController.swift in Sources */ = {isa = PBXBuildFile; fileRef = 8B8DE7D321DFC2EB00835A5E /* DataViewController.swift */; };
		8B8DE7D721DFC31100835A5E /* AbstractionViewController.swift in Sources */ = {isa = PBXBuildFile; fileRef = 8B8DE7D621DFC31100835A5E /* AbstractionViewController.swift */; };
		8B8DE7D921DFC5AD00835A5E /* bucket18.csv in Resources */ = {isa = PBXBuildFile; fileRef = 8B8DE7D821DFC5AD00835A5E /* bucket18.csv */; };
/* End PBXBuildFile section */

/* Begin PBXFileReference section */
		8B672DE821E4F8AC00135280 /* MenuController.swift */ = {isa = PBXFileReference; lastKnownFileType = sourcecode.swift; path = MenuController.swift; sourceTree = "<group>"; };
		8B672DEA21E4FD2E00135280 /* BucketItem.swift */ = {isa = PBXFileReference; fileEncoding = 4; lastKnownFileType = sourcecode.swift; path = BucketItem.swift; sourceTree = "<group>"; };
		8B672DED21E4FD8D00135280 /* ArtCell.swift */ = {isa = PBXFileReference; fileEncoding = 4; lastKnownFileType = sourcecode.swift; path = ArtCell.swift; sourceTree = "<group>"; };
		8B672DEE21E4FD8D00135280 /* DrawingView.swift */ = {isa = PBXFileReference; fileEncoding = 4; lastKnownFileType = sourcecode.swift; path = DrawingView.swift; sourceTree = "<group>"; };
		8B8DE7B021DFC1CF00835A5E /* MegaProject.app */ = {isa = PBXFileReference; explicitFileType = wrapper.application; includeInIndex = 0; path = MegaProject.app; sourceTree = BUILT_PRODUCTS_DIR; };
		8B8DE7B321DFC1CF00835A5E /* AppDelegate.swift */ = {isa = PBXFileReference; lastKnownFileType = sourcecode.swift; path = AppDelegate.swift; sourceTree = "<group>"; };
		8B8DE7B821DFC1CF00835A5E /* Base */ = {isa = PBXFileReference; lastKnownFileType = file.storyboard; name = Base; path = Base.lproj/Main.storyboard; sourceTree = "<group>"; };
		8B8DE7BA21DFC1DB00835A5E /* Assets.xcassets */ = {isa = PBXFileReference; lastKnownFileType = folder.assetcatalog; path = Assets.xcassets; sourceTree = "<group>"; };
		8B8DE7BD21DFC1DB00835A5E /* Base */ = {isa = PBXFileReference; lastKnownFileType = file.storyboard; name = Base; path = Base.lproj/LaunchScreen.storyboard; sourceTree = "<group>"; };
		8B8DE7BF21DFC1DB00835A5E /* Info.plist */ = {isa = PBXFileReference; lastKnownFileType = text.plist.xml; path = Info.plist; sourceTree = "<group>"; };
		8B8DE7C921DFC27200835A5E /* AlgorithmViewController.swift */ = {isa = PBXFileReference; fileEncoding = 4; lastKnownFileType = sourcecode.swift; path = AlgorithmViewController.swift; sourceTree = "<group>"; };
		8B8DE7CC21DFC2AB00835A5E /* DrawingViewController.swift */ = {isa = PBXFileReference; fileEncoding = 4; lastKnownFileType = sourcecode.swift; path = DrawingViewController.swift; sourceTree = "<group>"; };
		8B8DE7CD21DFC2AB00835A5E /* ArtCollectionViewController.swift */ = {isa = PBXFileReference; fileEncoding = 4; lastKnownFileType = sourcecode.swift; path = ArtCollectionViewController.swift; sourceTree = "<group>"; };
		8B8DE7D221DFC2EB00835A5E /* BucketItemCell.swift */ = {isa = PBXFileReference; fileEncoding = 4; lastKnownFileType = sourcecode.swift; path = BucketItemCell.swift; sourceTree = "<group>"; };
		8B8DE7D321DFC2EB00835A5E /* DataViewController.swift */ = {isa = PBXFileReference; fileEncoding = 4; lastKnownFileType = sourcecode.swift; path = DataViewController.swift; sourceTree = "<group>"; };
		8B8DE7D621DFC31100835A5E /* AbstractionViewController.swift */ = {isa = PBXFileReference; fileEncoding = 4; lastKnownFileType = sourcecode.swift; path = AbstractionViewController.swift; sourceTree = "<group>"; };
		8B8DE7D821DFC5AD00835A5E /* bucket18.csv */ = {isa = PBXFileReference; fileEncoding = 4; lastKnownFileType = text; path = bucket18.csv; sourceTree = "<group>"; };
/* End PBXFileReference section */

/* Begin PBXFrameworksBuildPhase section */
		8B8DE7AD21DFC1CF00835A5E /* Frameworks */ = {
			isa = PBXFrameworksBuildPhase;
			buildActionMask = 2147483647;
			files = (
			);
			runOnlyForDeploymentPostprocessing = 0;
		};
/* End PBXFrameworksBuildPhase section */

/* Begin PBXGroup section */
		8B672DEC21E4FD3900135280 /* Model */ = {
			isa = PBXGroup;
			children = (
				8B672DEA21E4FD2E00135280 /* BucketItem.swift */,
			);
			path = Model;
			sourceTree = "<group>";
		};
		8B8DE7A721DFC1CF00835A5E = {
			isa = PBXGroup;
			children = (
				8B8DE7B221DFC1CF00835A5E /* MegaProject */,
				8B8DE7B121DFC1CF00835A5E /* Products */,
			);
			sourceTree = "<group>";
		};
		8B8DE7B121DFC1CF00835A5E /* Products */ = {
			isa = PBXGroup;
			children = (
				8B8DE7B021DFC1CF00835A5E /* MegaProject.app */,
			);
			name = Products;
			sourceTree = "<group>";
		};
		8B8DE7B221DFC1CF00835A5E /* MegaProject */ = {
			isa = PBXGroup;
			children = (
				8B8DE7C621DFC1F200835A5E /* Resources */,
				8B672DEC21E4FD3900135280 /* Model */,
				8B8DE7C721DFC20800835A5E /* View */,
				8B8DE7C521DFC1E300835A5E /* Controller */,
			);
			path = MegaProject;
			sourceTree = "<group>";
		};
		8B8DE7C521DFC1E300835A5E /* Controller */ = {
			isa = PBXGroup;
			children = (
				8B672DE821E4F8AC00135280 /* MenuController.swift */,
				8B8DE7D121DFC2C800835A5E /* Abstraction */,
				8B8DE7D021DFC2C200835A5E /* Data */,
				8B8DE7CB21DFC27800835A5E /* Creativity */,
				8B8DE7C821DFC21400835A5E /* Algorithm */,
			);
			path = Controller;
			sourceTree = "<group>";
		};
		8B8DE7C621DFC1F200835A5E /* Resources */ = {
			isa = PBXGroup;
			children = (
				8B8DE7D821DFC5AD00835A5E /* bucket18.csv */,
				8B8DE7B321DFC1CF00835A5E /* AppDelegate.swift */,
				8B8DE7BA21DFC1DB00835A5E /* Assets.xcassets */,
				8B8DE7BF21DFC1DB00835A5E /* Info.plist */,
			);
			path = Resources;
			sourceTree = "<group>";
		};
		8B8DE7C721DFC20800835A5E /* View */ = {
			isa = PBXGroup;
			children = (
				8B672DED21E4FD8D00135280 /* ArtCell.swift */,
				8B672DEE21E4FD8D00135280 /* DrawingView.swift */,
				8B8DE7B721DFC1CF00835A5E /* Main.storyboard */,
				8B8DE7BC21DFC1DB00835A5E /* LaunchScreen.storyboard */,
			);
			path = View;
			sourceTree = "<group>";
		};
		8B8DE7C821DFC21400835A5E /* Algorithm */ = {
			isa = PBXGroup;
			children = (
				8B8DE7C921DFC27200835A5E /* AlgorithmViewController.swift */,
			);
			path = Algorithm;
			sourceTree = "<group>";
		};
		8B8DE7CB21DFC27800835A5E /* Creativity */ = {
			isa = PBXGroup;
			children = (
				8B8DE7CD21DFC2AB00835A5E /* ArtCollectionViewController.swift */,
				8B8DE7CC21DFC2AB00835A5E /* DrawingViewController.swift */,
			);
			path = Creativity;
			sourceTree = "<group>";
		};
		8B8DE7D021DFC2C200835A5E /* Data */ = {
			isa = PBXGroup;
			children = (
				8B8DE7D221DFC2EB00835A5E /* BucketItemCell.swift */,
				8B8DE7D321DFC2EB00835A5E /* DataViewController.swift */,
			);
			path = Data;
			sourceTree = "<group>";
		};
		8B8DE7D121DFC2C800835A5E /* Abstraction */ = {
			isa = PBXGroup;
			children = (
				8B8DE7D621DFC31100835A5E /* AbstractionViewController.swift */,
			);
			path = Abstraction;
			sourceTree = "<group>";
		};
/* End PBXGroup section */

/* Begin PBXNativeTarget section */
		8B8DE7AF21DFC1CF00835A5E /* MegaProject */ = {
			isa = PBXNativeTarget;
			buildConfigurationList = 8B8DE7C221DFC1DB00835A5E /* Build configuration list for PBXNativeTarget "MegaProject" */;
			buildPhases = (
				8B8DE7AC21DFC1CF00835A5E /* Sources */,
				8B8DE7AD21DFC1CF00835A5E /* Frameworks */,
				8B8DE7AE21DFC1CF00835A5E /* Resources */,
			);
			buildRules = (
			);
			dependencies = (
			);
			name = MegaProject;
			productName = MegaProject;
			productReference = 8B8DE7B021DFC1CF00835A5E /* MegaProject.app */;
			productType = "com.apple.product-type.application";
		};
/* End PBXNativeTarget section */

/* Begin PBXProject section */
		8B8DE7A821DFC1CF00835A5E /* Project object */ = {
			isa = PBXProject;
			attributes = {
				LastSwiftUpdateCheck = 1000;
				LastUpgradeCheck = 1000;
				ORGANIZATIONNAME = CTEC;
				TargetAttributes = {
					8B8DE7AF21DFC1CF00835A5E = {
						CreatedOnToolsVersion = 10.0;
					};
				};
			};
			buildConfigurationList = 8B8DE7AB21DFC1CF00835A5E /* Build configuration list for PBXProject "MegaProject" */;
			compatibilityVersion = "Xcode 9.3";
			developmentRegion = en;
			hasScannedForEncodings = 0;
			knownRegions = (
				en,
				Base,
			);
			mainGroup = 8B8DE7A721DFC1CF00835A5E;
			productRefGroup = 8B8DE7B121DFC1CF00835A5E /* Products */;
			projectDirPath = "";
			projectRoot = "";
			targets = (
				8B8DE7AF21DFC1CF00835A5E /* MegaProject */,
			);
		};
/* End PBXProject section */

/* Begin PBXResourcesBuildPhase section */
		8B8DE7AE21DFC1CF00835A5E /* Resources */ = {
			isa = PBXResourcesBuildPhase;
			buildActionMask = 2147483647;
			files = (
				8B8DE7BE21DFC1DB00835A5E /* LaunchScreen.storyboard in Resources */,
				8B8DE7D921DFC5AD00835A5E /* bucket18.csv in Resources */,
				8B8DE7BB21DFC1DB00835A5E /* Assets.xcassets in Resources */,
				8B8DE7B921DFC1CF00835A5E /* Main.storyboard in Resources */,
			);
			runOnlyForDeploymentPostprocessing = 0;
		};
/* End PBXResourcesBuildPhase section */

/* Begin PBXSourcesBuildPhase section */
		8B8DE7AC21DFC1CF00835A5E /* Sources */ = {
			isa = PBXSourcesBuildPhase;
			buildActionMask = 2147483647;
			files = (
				8B672DE921E4F8AC00135280 /* MenuController.swift in Sources */,
				8B8DE7CA21DFC27200835A5E /* AlgorithmViewController.swift in Sources */,
				8B8DE7D421DFC2EB00835A5E /* BucketItemCell.swift in Sources */,
				8B672DEB21E4FD2E00135280 /* BucketItem.swift in Sources */,
				8B8DE7CE21DFC2AB00835A5E /* DrawingViewController.swift in Sources */,
				8B8DE7CF21DFC2AB00835A5E /* ArtCollectionViewController.swift in Sources */,
				8B8DE7D521DFC2EB00835A5E /* DataViewController.swift in Sources */,
				8B672DEF21E4FD8D00135280 /* ArtCell.swift in Sources */,
				8B8DE7B421DFC1CF00835A5E /* AppDelegate.swift in Sources */,
				8B672DF021E4FD8D00135280 /* DrawingView.swift in Sources */,
				8B8DE7D721DFC31100835A5E /* AbstractionViewController.swift in Sources */,
			);
			runOnlyForDeploymentPostprocessing = 0;
		};
/* End PBXSourcesBuildPhase section */

/* Begin PBXVariantGroup section */
		8B8DE7B721DFC1CF00835A5E /* Main.storyboard */ = {
			isa = PBXVariantGroup;
			children = (
				8B8DE7B821DFC1CF00835A5E /* Base */,
			);
			name = Main.storyboard;
			sourceTree = "<group>";
		};
		8B8DE7BC21DFC1DB00835A5E /* LaunchScreen.storyboard */ = {
			isa = PBXVariantGroup;
			children = (
				8B8DE7BD21DFC1DB00835A5E /* Base */,
			);
			name = LaunchScreen.storyboard;
			sourceTree = "<group>";
		};
/* End PBXVariantGroup section */

/* Begin XCBuildConfiguration section */
		8B8DE7C021DFC1DB00835A5E /* Debug */ = {
			isa = XCBuildConfiguration;
			buildSettings = {
				ALWAYS_SEARCH_USER_PATHS = NO;
				CLANG_ANALYZER_NONNULL = YES;
				CLANG_ANALYZER_NUMBER_OBJECT_CONVERSION = YES_AGGRESSIVE;
				CLANG_CXX_LANGUAGE_STANDARD = "gnu++14";
				CLANG_CXX_LIBRARY = "libc++";
				CLANG_ENABLE_MODULES = YES;
				CLANG_ENABLE_OBJC_ARC = YES;
				CLANG_ENABLE_OBJC_WEAK = YES;
				CLANG_WARN_BLOCK_CAPTURE_AUTORELEASING = YES;
				CLANG_WARN_BOOL_CONVERSION = YES;
				CLANG_WARN_COMMA = YES;
				CLANG_WARN_CONSTANT_CONVERSION = YES;
				CLANG_WARN_DEPRECATED_OBJC_IMPLEMENTATIONS = YES;
				CLANG_WARN_DIRECT_OBJC_ISA_USAGE = YES_ERROR;
				CLANG_WARN_DOCUMENTATION_COMMENTS = YES;
				CLANG_WARN_EMPTY_BODY = YES;
				CLANG_WARN_ENUM_CONVERSION = YES;
				CLANG_WARN_INFINITE_RECURSION = YES;
				CLANG_WARN_INT_CONVERSION = YES;
				CLANG_WARN_NON_LITERAL_NULL_CONVERSION = YES;
				CLANG_WARN_OBJC_IMPLICIT_RETAIN_SELF = YES;
				CLANG_WARN_OBJC_LITERAL_CONVERSION = YES;
				CLANG_WARN_OBJC_ROOT_CLASS = YES_ERROR;
				CLANG_WARN_RANGE_LOOP_ANALYSIS = YES;
				CLANG_WARN_STRICT_PROTOTYPES = YES;
				CLANG_WARN_SUSPICIOUS_MOVE = YES;
				CLANG_WARN_UNGUARDED_AVAILABILITY = YES_AGGRESSIVE;
				CLANG_WARN_UNREACHABLE_CODE = YES;
				CLANG_WARN__DUPLICATE_METHOD_MATCH = YES;
				CODE_SIGN_IDENTITY = "iPhone Developer";
				COPY_PHASE_STRIP = NO;
				DEBUG_INFORMATION_FORMAT = dwarf;
				ENABLE_STRICT_OBJC_MSGSEND = YES;
				ENABLE_TESTABILITY = YES;
				GCC_C_LANGUAGE_STANDARD = gnu11;
				GCC_DYNAMIC_NO_PIC = NO;
				GCC_NO_COMMON_BLOCKS = YES;
				GCC_OPTIMIZATION_LEVEL = 0;
				GCC_PREPROCESSOR_DEFINITIONS = (
					"DEBUG=1",
					"$(inherited)",
				);
				GCC_WARN_64_TO_32_BIT_CONVERSION = YES;
				GCC_WARN_ABOUT_RETURN_TYPE = YES_ERROR;
				GCC_WARN_UNDECLARED_SELECTOR = YES;
				GCC_WARN_UNINITIALIZED_AUTOS = YES_AGGRESSIVE;
				GCC_WARN_UNUSED_FUNCTION = YES;
				GCC_WARN_UNUSED_VARIABLE = YES;
				IPHONEOS_DEPLOYMENT_TARGET = 12.0;
				MTL_ENABLE_DEBUG_INFO = INCLUDE_SOURCE;
				MTL_FAST_MATH = YES;
				ONLY_ACTIVE_ARCH = YES;
				SDKROOT = iphoneos;
				SWIFT_ACTIVE_COMPILATION_CONDITIONS = DEBUG;
				SWIFT_OPTIMIZATION_LEVEL = "-Onone";
			};
			name = Debug;
		};
		8B8DE7C121DFC1DB00835A5E /* Release */ = {
			isa = XCBuildConfiguration;
			buildSettings = {
				ALWAYS_SEARCH_USER_PATHS = NO;
				CLANG_ANALYZER_NONNULL = YES;
				CLANG_ANALYZER_NUMBER_OBJECT_CONVERSION = YES_AGGRESSIVE;
				CLANG_CXX_LANGUAGE_STANDARD = "gnu++14";
				CLANG_CXX_LIBRARY = "libc++";
				CLANG_ENABLE_MODULES = YES;
				CLANG_ENABLE_OBJC_ARC = YES;
				CLANG_ENABLE_OBJC_WEAK = YES;
				CLANG_WARN_BLOCK_CAPTURE_AUTORELEASING = YES;
				CLANG_WARN_BOOL_CONVERSION = YES;
				CLANG_WARN_COMMA = YES;
				CLANG_WARN_CONSTANT_CONVERSION = YES;
				CLANG_WARN_DEPRECATED_OBJC_IMPLEMENTATIONS = YES;
				CLANG_WARN_DIRECT_OBJC_ISA_USAGE = YES_ERROR;
				CLANG_WARN_DOCUMENTATION_COMMENTS = YES;
				CLANG_WARN_EMPTY_BODY = YES;
				CLANG_WARN_ENUM_CONVERSION = YES;
				CLANG_WARN_INFINITE_RECURSION = YES;
				CLANG_WARN_INT_CONVERSION = YES;
				CLANG_WARN_NON_LITERAL_NULL_CONVERSION = YES;
				CLANG_WARN_OBJC_IMPLICIT_RETAIN_SELF = YES;
				CLANG_WARN_OBJC_LITERAL_CONVERSION = YES;
				CLANG_WARN_OBJC_ROOT_CLASS = YES_ERROR;
				CLANG_WARN_RANGE_LOOP_ANALYSIS = YES;
				CLANG_WARN_STRICT_PROTOTYPES = YES;
				CLANG_WARN_SUSPICIOUS_MOVE = YES;
				CLANG_WARN_UNGUARDED_AVAILABILITY = YES_AGGRESSIVE;
				CLANG_WARN_UNREACHABLE_CODE = YES;
				CLANG_WARN__DUPLICATE_METHOD_MATCH = YES;
				CODE_SIGN_IDENTITY = "iPhone Developer";
				COPY_PHASE_STRIP = NO;
				DEBUG_INFORMATION_FORMAT = "dwarf-with-dsym";
				ENABLE_NS_ASSERTIONS = NO;
				ENABLE_STRICT_OBJC_MSGSEND = YES;
				GCC_C_LANGUAGE_STANDARD = gnu11;
				GCC_NO_COMMON_BLOCKS = YES;
				GCC_WARN_64_TO_32_BIT_CONVERSION = YES;
				GCC_WARN_ABOUT_RETURN_TYPE = YES_ERROR;
				GCC_WARN_UNDECLARED_SELECTOR = YES;
				GCC_WARN_UNINITIALIZED_AUTOS = YES_AGGRESSIVE;
				GCC_WARN_UNUSED_FUNCTION = YES;
				GCC_WARN_UNUSED_VARIABLE = YES;
				IPHONEOS_DEPLOYMENT_TARGET = 12.0;
				MTL_ENABLE_DEBUG_INFO = NO;
				MTL_FAST_MATH = YES;
				SDKROOT = iphoneos;
				SWIFT_COMPILATION_MODE = wholemodule;
				SWIFT_OPTIMIZATION_LEVEL = "-O";
				VALIDATE_PRODUCT = YES;
			};
			name = Release;
		};
		8B8DE7C321DFC1DB00835A5E /* Debug */ = {
			isa = XCBuildConfiguration;
			buildSettings = {
				ASSETCATALOG_COMPILER_APPICON_NAME = AppIcon;
				CODE_SIGN_STYLE = Automatic;
				INFOPLIST_FILE = "$(SRCROOT)/MegaProject/Resources/Info.plist";
				LD_RUNPATH_SEARCH_PATHS = (
					"$(inherited)",
					"@executable_path/Frameworks",
				);
				PRODUCT_BUNDLE_IDENTIFIER = CTEC.MegaProject;
				PRODUCT_NAME = "$(TARGET_NAME)";
				SWIFT_VERSION = 4.2;
				TARGETED_DEVICE_FAMILY = "1,2";
			};
			name = Debug;
		};
		8B8DE7C421DFC1DB00835A5E /* Release */ = {
			isa = XCBuildConfiguration;
			buildSettings = {
				ASSETCATALOG_COMPILER_APPICON_NAME = AppIcon;
				CODE_SIGN_STYLE = Automatic;
				INFOPLIST_FILE = "$(SRCROOT)/MegaProject/Resources/Info.plist";
				LD_RUNPATH_SEARCH_PATHS = (
					"$(inherited)",
					"@executable_path/Frameworks",
				);
				PRODUCT_BUNDLE_IDENTIFIER = CTEC.MegaProject;
				PRODUCT_NAME = "$(TARGET_NAME)";
				SWIFT_VERSION = 4.2;
				TARGETED_DEVICE_FAMILY = "1,2";
			};
			name = Release;
		};
/* End XCBuildConfiguration section */

/* Begin XCConfigurationList section */
		8B8DE7AB21DFC1CF00835A5E /* Build configuration list for PBXProject "MegaProject" */ = {
			isa = XCConfigurationList;
			buildConfigurations = (
				8B8DE7C021DFC1DB00835A5E /* Debug */,
				8B8DE7C121DFC1DB00835A5E /* Release */,
			);
			defaultConfigurationIsVisible = 0;
			defaultConfigurationName = Release;
		};
		8B8DE7C221DFC1DB00835A5E /* Build configuration list for PBXNativeTarget "MegaProject" */ = {
			isa = XCConfigurationList;
			buildConfigurations = (
				8B8DE7C321DFC1DB00835A5E /* Debug */,
				8B8DE7C421DFC1DB00835A5E /* Release */,
			);
			defaultConfigurationIsVisible = 0;
			defaultConfigurationName = Release;
		};
/* End XCConfigurationList section */
	};
	rootObject = 8B8DE7A821DFC1CF00835A5E /* Project object */;
}
